<Project xmlns="http://schemas.microsoft.com/developer/msbuild/2003">
    <PropertyGroup>
        <ProjectGuid>{33BB8B7D-4980-458D-8786-1256495555AE}</ProjectGuid>
        <ProjectVersion>18.1</ProjectVersion>
        <FrameworkType>VCL</FrameworkType>
        <MainSource>InstructionEditor.dpr</MainSource>
        <Base>True</Base>
        <Config Condition="'$(Config)'==''">Debug</Config>
        <Platform Condition="'$(Platform)'==''">Win32</Platform>
        <TargetedPlatforms>3</TargetedPlatforms>
        <AppType>Application</AppType>
    </PropertyGroup>
    <PropertyGroup Condition="'$(Config)'=='Base' or '$(Base)'!=''">
        <Base>true</Base>
    </PropertyGroup>
    <PropertyGroup Condition="('$(Platform)'=='Win32' and '$(Base)'=='true') or '$(Base_Win32)'!=''">
        <Base_Win32>true</Base_Win32>
        <CfgParent>Base</CfgParent>
        <Base>true</Base>
    </PropertyGroup>
    <PropertyGroup Condition="('$(Platform)'=='Win64' and '$(Base)'=='true') or '$(Base_Win64)'!=''">
        <Base_Win64>true</Base_Win64>
        <CfgParent>Base</CfgParent>
        <Base>true</Base>
    </PropertyGroup>
    <PropertyGroup Condition="'$(Config)'=='Debug' or '$(Cfg_1)'!=''">
        <Cfg_1>true</Cfg_1>
        <CfgParent>Base</CfgParent>
        <Base>true</Base>
    </PropertyGroup>
    <PropertyGroup Condition="('$(Platform)'=='Win32' and '$(Cfg_1)'=='true') or '$(Cfg_1_Win32)'!=''">
        <Cfg_1_Win32>true</Cfg_1_Win32>
        <CfgParent>Cfg_1</CfgParent>
        <Cfg_1>true</Cfg_1>
        <Base>true</Base>
    </PropertyGroup>
    <PropertyGroup Condition="('$(Platform)'=='Win64' and '$(Cfg_1)'=='true') or '$(Cfg_1_Win64)'!=''">
        <Cfg_1_Win64>true</Cfg_1_Win64>
        <CfgParent>Cfg_1</CfgParent>
        <Cfg_1>true</Cfg_1>
        <Base>true</Base>
    </PropertyGroup>
    <PropertyGroup Condition="'$(Config)'=='Release' or '$(Cfg_2)'!=''">
        <Cfg_2>true</Cfg_2>
        <CfgParent>Base</CfgParent>
        <Base>true</Base>
    </PropertyGroup>
    <PropertyGroup Condition="('$(Platform)'=='Win32' and '$(Cfg_2)'=='true') or '$(Cfg_2_Win32)'!=''">
        <Cfg_2_Win32>true</Cfg_2_Win32>
        <CfgParent>Cfg_2</CfgParent>
        <Cfg_2>true</Cfg_2>
        <Base>true</Base>
    </PropertyGroup>
    <PropertyGroup Condition="('$(Platform)'=='Win64' and '$(Cfg_2)'=='true') or '$(Cfg_2_Win64)'!=''">
        <Cfg_2_Win64>true</Cfg_2_Win64>
        <CfgParent>Cfg_2</CfgParent>
        <Cfg_2>true</Cfg_2>
        <Base>true</Base>
    </PropertyGroup>
    <PropertyGroup Condition="'$(Base)'!=''">
        <VerInfo_Locale>1031</VerInfo_Locale>
        <Manifest_File>$(BDS)\bin\default_app.manifest</Manifest_File>
        <VerInfo_Keys>CompanyName=zYantific.com;FileDescription=Instruction Definition Editor;FileVersion=1.0.0.0;InternalName=;LegalCopyright=Copyright © 2015 by zYantific.com;LegalTrademarks=;OriginalFilename=;ProductName=Instruction Definition Editor;ProductVersion=1.0.0.0;Comments=</VerInfo_Keys>
        <SanitizedProjectName>InstructionEditor</SanitizedProjectName>
        <DCC_Namespace>System;Xml;Data;Datasnap;Web;Soap;Vcl;Vcl.Imaging;Vcl.Touch;Vcl.Samples;Vcl.Shell;$(DCC_Namespace)</DCC_Namespace>
        <DCC_DcuOutput>.\$(Platform)\$(Config)</DCC_DcuOutput>
        <DCC_ExeOutput>.\$(Platform)\$(Config)</DCC_ExeOutput>
        <DCC_E>false</DCC_E>
        <DCC_N>false</DCC_N>
        <DCC_S>false</DCC_S>
        <DCC_F>false</DCC_F>
        <DCC_K>false</DCC_K>
    </PropertyGroup>
    <PropertyGroup Condition="'$(Base_Win32)'!=''">
        <AppEnableRuntimeThemes>true</AppEnableRuntimeThemes>
        <VerInfo_AutoGenVersion>true</VerInfo_AutoGenVersion>
        <Icon_MainIcon>InstructionEditor.ico</Icon_MainIcon>
        <VerInfo_IncludeVerInfo>true</VerInfo_IncludeVerInfo>
        <DCC_UsePackage>dxBarRS22;JvGlobus;JvMM;JvManagedThreads;dxSkinsdxRibbonPainterRS22;dxSkinOffice2010BlackRS22;FireDACPgDriver;dxPScxVGridLnkRS22;JvCrypt;DBXInterBaseDriver;DataSnapServer;DataSnapCommon;JvNet;dxWizardControlRS22;JvDotNetCtrls;DbxCommonDriver;vclimg;dbxcds;dxServerModeRS22;DatasnapConnectorsFreePascal;appanalytics;JvXPCtrls;vcldb;dxSkinDarkRoomRS22;dxSkinSilverRS22;dxGDIPlusRS22;CustomIPTransport;dxSkinOffice2010SilverRS22;dsnap;IndyIPServer;IndyCore;dxSkinSummer2008RS22;CloudService;dxSkinLondonLiquidSkyRS22;FireDACIBDriver;JvDB;JvRuntimeDesign;tmsdXE7;dxPScxPivotGridLnkRS22;dxComnRS22;cxPivotGridChartRS22;dsnapxml;dxSpellCheckerRS22;JclDeveloperTools;FireDACDb2Driver;dxPScxGridLnkRS22;dxPScxPCProdRS22;dxSkinVS2010RS22;dxorgcRS22;dxBarExtItemsRS22;dxRibbonRS22;dxSkinsdxBarPainterRS22;dxCoreRS22;cxVerticalGridRS22;bindcompfmx;dxSkinStardustRS22;dxSkinSevenClassicRS22;dxSkinsCoreRS22;dxSpreadSheetRS22;FireDACODBCDriver;RESTBackendComponents;cxSchedulerRS22;dbrtl;dxSkinDevExpressStyleRS22;FireDACCommon;bindcomp;inetdb;cxExportRS22;JvPluginSystem;dxSkinOffice2007BlackRS22;dxSkinXmas2008BlueRS22;dxSkinCoffeeRS22;DBXOdbcDriver;dxSkinscxSchedulerPainterRS22;ibmonitor;vclFireDAC;JvCmp;JvTimeFramework;xmlrtl;ibxpress;dxSkinOffice2013WhiteRS22;dxPSdxDBOCLnkRS22;cxDataRS22;FireDACCommonDriver;cxBarEditItemRS22;soaprtl;bindengine;vclactnband;bindcompvcl;dxBarExtDBItemsRS22;dxSkinOffice2010BlueRS22;Jcl;vclie;dxPSdxDBTVLnkRS22;cxPageControlRS22;dxPsPrVwAdvRS22;FireDACMSSQLDriver;DBXInformixDriver;dxSkinPumpkinRS22;dxSkinFoggyRS22;cxEditorsRS22;dxPScxExtCommonRS22;DataSnapServerMidas;dsnapcon;DBXFirebirdDriver;tmsexdXE7;inet;dxPSPrVwRibbonRS22;dxMapControlRS22;dxSkinSharpRS22;dxmdsRS22;JvPascalInterpreter;FireDACMySQLDriver;soapmidas;vclx;dxSkinOffice2007GreenRS22;dxSkinMetropolisDarkRS22;DBXSybaseASADriver;dxDockingRS22;RESTComponents;dxTabbedMDIRS22;dxdborRS22;dxSkinMoneyTwinsRS22;dbexpress;dxPScxTLLnkRS22;IndyIPClient;dxSkinSpringTimeRS22;FireDACTDataDriver;FireDACSqliteDriver;FireDACDSDriver;DBXSqliteDriver;dxSkinHighContrastRS22;dxSkinOffice2007SilverRS22;fmx;dxPSdxFCLnkRS22;JvDlgs;IndySystem;dxLayoutControlRS22;dxSkinOffice2007PinkRS22;tethering;cxSchedulerGridRS22;dxSkinMcSkinRS22;vclib;DataSnapClient;dxSkinsdxNavBarPainterRS22;dxNavBarRS22;DataSnapProviderClient;DBXSybaseASEDriver;dxSkinGlassOceansRS22;dxSkinBlueprintRS22;dxSkinBlueRS22;vcldsnap;dxBarDBNavRS22;dxSkiniMaginaryRS22;dxPSCoreRS22;dxSkinLiquidSkyRS22;fmxFireDAC;DBXDb2Driver;dxSkinOffice2007BlueRS22;dxSkinCaramelRS22;DBXOracleDriver;cxGridRS22;JvCore;vclribbon;fmxase;vcl;DBXMSSQLDriver;IndyIPCommon;dxThemeRS22;DataSnapFireDAC;FireDACDBXDriver;dxPScxSchedulerLnkRS22;JvAppFrm;soapserver;cxPivotGridRS22;dxtrmdRS22;dxSkinscxPCPainterRS22;inetdbxpress;FireDACInfxDriver;JvDocking;adortl;tmswizdXE7;cxLibraryRS22;dxPSdxSpreadSheetLnkRS22;JvWizards;dxFireDACServerModeRS22;dxPSdxLCLnkRS22;FireDACASADriver;dxSkinOffice2013DarkGrayRS22;JvHMI;dxPScxCommonRS22;JvBands;emsclientfiredac;rtl;DbxClientDriver;dxSkinOffice2013LightGrayRS22;JclContainers;dxFlowChartRS22;dxPSLnksRS22;dxSkinSharpPlusRS22;dxSkinDarkSideRS22;JvSystem;DataSnapNativeClient;svnui;cxTreeListdxBarPopupMenuRS22;JvControls;dxSkinsdxDLPainterRS22;dxSkinValentineRS22;IndyProtocols;DBXMySQLDriver;dxSkinDevExpressDarkStyleRS22;dxPSdxOCLnkRS22;dxSkinMetropolisRS22;bindcompdbx;JvJans;JvPrintPreview;JvPageComps;JvStdCtrls;JvCustom;cxTreeListRS22;dxSkinTheAsphaltWorldRS22;FireDACADSDriver;vcltouch;dxADOServerModeRS22;emsclient;dxdbtrRS22;VclSmp;FireDAC;VCLRESTComponents;dxTileControlRS22;cxSchedulerRibbonStyleEventEditorRS22;dxSkinSevenRS22;DataSnapConnectors;dxSkinBlackRS22;fmxobj;JclVcl;dxSkinWhiteprintRS22;tmsxlsdXE7;cxPivotGridOLAPRS22;svn;cxSchedulerTreeBrowserRS22;FireDACOracleDriver;fmxdae;VirtualTreesR;FireDACMSAccDriver;DataSnapIndy10ServerTransport;$(DCC_UsePackage)</DCC_UsePackage>
        <VerInfo_Locale>1033</VerInfo_Locale>
        <DCC_Namespace>Winapi;System.Win;Data.Win;Datasnap.Win;Web.Win;Soap.Win;Xml.Win;Bde;$(DCC_Namespace)</DCC_Namespace>
    </PropertyGroup>
    <PropertyGroup Condition="'$(Base_Win64)'!=''">
        <AppEnableRuntimeThemes>true</AppEnableRuntimeThemes>
        <VerInfo_AutoGenVersion>true</VerInfo_AutoGenVersion>
        <Icon_MainIcon>InstructionEditor.ico</Icon_MainIcon>
        <VerInfo_Locale>1033</VerInfo_Locale>
        <DCC_Namespace>Winapi;System.Win;Data.Win;Datasnap.Win;Web.Win;Soap.Win;Xml.Win;$(DCC_Namespace)</DCC_Namespace>
        <VerInfo_IncludeVerInfo>true</VerInfo_IncludeVerInfo>
        <DCC_UsePackage>dxBarRS22;dxSkinsdxRibbonPainterRS22;dxSkinOffice2010BlackRS22;FireDACPgDriver;dxPScxVGridLnkRS22;DBXInterBaseDriver;DataSnapServer;DataSnapCommon;dxWizardControlRS22;DbxCommonDriver;vclimg;dbxcds;dxServerModeRS22;DatasnapConnectorsFreePascal;appanalytics;vcldb;dxSkinDarkRoomRS22;dxSkinSilverRS22;dxGDIPlusRS22;CustomIPTransport;dxSkinOffice2010SilverRS22;dsnap;IndyIPServer;IndyCore;dxSkinSummer2008RS22;CloudService;dxSkinLondonLiquidSkyRS22;FireDACIBDriver;tmsdXE7;dxPScxPivotGridLnkRS22;dxComnRS22;cxPivotGridChartRS22;dsnapxml;dxSpellCheckerRS22;FireDACDb2Driver;dxPScxGridLnkRS22;dxPScxPCProdRS22;dxSkinVS2010RS22;dxorgcRS22;dxBarExtItemsRS22;dxRibbonRS22;dxSkinsdxBarPainterRS22;dxCoreRS22;cxVerticalGridRS22;bindcompfmx;dxSkinStardustRS22;dxSkinSevenClassicRS22;dxSkinsCoreRS22;dxSpreadSheetRS22;FireDACODBCDriver;RESTBackendComponents;cxSchedulerRS22;dbrtl;dxSkinDevExpressStyleRS22;FireDACCommon;bindcomp;inetdb;cxExportRS22;dxSkinOffice2007BlackRS22;dxSkinXmas2008BlueRS22;dxSkinCoffeeRS22;DBXOdbcDriver;dxSkinscxSchedulerPainterRS22;ibmonitor;vclFireDAC;xmlrtl;ibxpress;dxSkinOffice2013WhiteRS22;dxPSdxDBOCLnkRS22;cxDataRS22;FireDACCommonDriver;cxBarEditItemRS22;soaprtl;bindengine;vclactnband;bindcompvcl;dxBarExtDBItemsRS22;dxSkinOffice2010BlueRS22;vclie;dxPSdxDBTVLnkRS22;cxPageControlRS22;dxPsPrVwAdvRS22;FireDACMSSQLDriver;DBXInformixDriver;dxSkinPumpkinRS22;dxSkinFoggyRS22;cxEditorsRS22;dxPScxExtCommonRS22;DataSnapServerMidas;dsnapcon;DBXFirebirdDriver;tmsexdXE7;inet;dxPSPrVwRibbonRS22;dxMapControlRS22;dxSkinSharpRS22;dxmdsRS22;FireDACMySQLDriver;soapmidas;vclx;dxSkinOffice2007GreenRS22;dxSkinMetropolisDarkRS22;DBXSybaseASADriver;dxDockingRS22;RESTComponents;dxTabbedMDIRS22;dxdborRS22;dxSkinMoneyTwinsRS22;dbexpress;dxPScxTLLnkRS22;IndyIPClient;dxSkinSpringTimeRS22;FireDACTDataDriver;FireDACSqliteDriver;FireDACDSDriver;DBXSqliteDriver;dxSkinHighContrastRS22;dxSkinOffice2007SilverRS22;fmx;dxPSdxFCLnkRS22;IndySystem;dxLayoutControlRS22;dxSkinOffice2007PinkRS22;tethering;cxSchedulerGridRS22;dxSkinMcSkinRS22;vclib;DataSnapClient;dxSkinsdxNavBarPainterRS22;dxNavBarRS22;DataSnapProviderClient;DBXSybaseASEDriver;dxSkinGlassOceansRS22;dxSkinBlueprintRS22;dxSkinBlueRS22;vcldsnap;dxBarDBNavRS22;dxSkiniMaginaryRS22;dxPSCoreRS22;dxSkinLiquidSkyRS22;fmxFireDAC;DBXDb2Driver;dxSkinOffice2007BlueRS22;dxSkinCaramelRS22;DBXOracleDriver;cxGridRS22;vclribbon;fmxase;vcl;DBXMSSQLDriver;IndyIPCommon;dxThemeRS22;DataSnapFireDAC;FireDACDBXDriver;dxPScxSchedulerLnkRS22;soapserver;cxPivotGridRS22;dxtrmdRS22;dxSkinscxPCPainterRS22;inetdbxpress;FireDACInfxDriver;adortl;cxLibraryRS22;dxPSdxSpreadSheetLnkRS22;dxFireDACServerModeRS22;dxPSdxLCLnkRS22;FireDACASADriver;dxSkinOffice2013DarkGrayRS22;dxPScxCommonRS22;emsclientfiredac;rtl;DbxClientDriver;dxSkinOffice2013LightGrayRS22;dxFlowChartRS22;dxPSLnksRS22;dxSkinSharpPlusRS22;dxSkinDarkSideRS22;DataSnapNativeClient;cxTreeListdxBarPopupMenuRS22;dxSkinsdxDLPainterRS22;dxSkinValentineRS22;IndyProtocols;DBXMySQLDriver;dxSkinDevExpressDarkStyleRS22;dxPSdxOCLnkRS22;dxSkinMetropolisRS22;bindcompdbx;cxTreeListRS22;dxSkinTheAsphaltWorldRS22;FireDACADSDriver;vcltouch;dxADOServerModeRS22;emsclient;dxdbtrRS22;VclSmp;FireDAC;VCLRESTComponents;dxTileControlRS22;cxSchedulerRibbonStyleEventEditorRS22;dxSkinSevenRS22;DataSnapConnectors;dxSkinBlackRS22;fmxobj;dxSkinWhiteprintRS22;cxPivotGridOLAPRS22;cxSchedulerTreeBrowserRS22;FireDACOracleDriver;fmxdae;VirtualTreesR;FireDACMSAccDriver;DataSnapIndy10ServerTransport;$(DCC_UsePackage)</DCC_UsePackage>
    </PropertyGroup>
    <PropertyGroup Condition="'$(Cfg_1)'!=''">
        <DCC_Define>DEBUG;$(DCC_Define)</DCC_Define>
        <DCC_DebugDCUs>true</DCC_DebugDCUs>
        <DCC_Optimize>false</DCC_Optimize>
        <DCC_GenerateStackFrames>true</DCC_GenerateStackFrames>
        <DCC_DebugInfoInExe>true</DCC_DebugInfoInExe>
        <DCC_RemoteDebug>true</DCC_RemoteDebug>
    </PropertyGroup>
    <PropertyGroup Condition="'$(Cfg_1_Win32)'!=''">
        <AppEnableRuntimeThemes>true</AppEnableRuntimeThemes>
        <VerInfo_AutoGenVersion>true</VerInfo_AutoGenVersion>
        <VerInfo_IncludeVerInfo>true</VerInfo_IncludeVerInfo>
        <VerInfo_Locale>1033</VerInfo_Locale>
        <DCC_RemoteDebug>false</DCC_RemoteDebug>
    </PropertyGroup>
    <PropertyGroup Condition="'$(Cfg_1_Win64)'!=''">
        <Icon_MainIcon>DatabaseEditor.ico</Icon_MainIcon>
    </PropertyGroup>
    <PropertyGroup Condition="'$(Cfg_2)'!=''">
        <DCC_LocalDebugSymbols>false</DCC_LocalDebugSymbols>
        <DCC_Define>RELEASE;$(DCC_Define)</DCC_Define>
        <DCC_SymbolReferenceInfo>0</DCC_SymbolReferenceInfo>
        <DCC_DebugInformation>0</DCC_DebugInformation>
    </PropertyGroup>
    <PropertyGroup Condition="'$(Cfg_2_Win32)'!=''">
        <DCC_AssertionsAtRuntime>false</DCC_AssertionsAtRuntime>
        <AppEnableRuntimeThemes>true</AppEnableRuntimeThemes>
        <DCC_MapFile>3</DCC_MapFile>
        <VerInfo_AutoGenVersion>true</VerInfo_AutoGenVersion>
        <VerInfo_IncludeVerInfo>true</VerInfo_IncludeVerInfo>
        <VerInfo_Locale>1033</VerInfo_Locale>
    </PropertyGroup>
    <PropertyGroup Condition="'$(Cfg_2_Win64)'!=''">
        <VerInfo_AutoGenVersion>true</VerInfo_AutoGenVersion>
        <VerInfo_Locale>1033</VerInfo_Locale>
        <VerInfo_IncludeVerInfo>true</VerInfo_IncludeVerInfo>
    </PropertyGroup>
    <ItemGroup>
        <DelphiCompile Include="$(MainSource)">
            <MainSource>MainSource</MainSource>
        </DelphiCompile>
        <DCCReference Include="Forms\formMain.pas">
            <Form>frmMain</Form>
            <FormType>dfm</FormType>
        </DCCReference>
        <DCCReference Include="Zydis.InstructionEditor.pas"/>
        <DCCReference Include="Zydis.InstructionFilters.pas"/>
        <DCCReference Include="untHelperClasses.pas"/>
        <DCCReference Include="Forms\Editors\formEditorCPUIDFeatureFlags.pas">
            <Form>frmEditorCPUIDFeatureFlags</Form>
            <FormType>dfm</FormType>
        </DCCReference>
        <DCCReference Include="untPropertyHints.pas"/>
        <DCCReference Include="Forms\formCreateDefinition.pas">
            <Form>frmCreateDefinition</Form>
            <FormType>dfm</FormType>
        </DCCReference>
        <DCCReference Include="Forms\Editors\formEditorX86Registers.pas">
            <Form>frmEditorX86Registers</Form>
            <FormType>dfm</FormType>
        </DCCReference>
        <DCCReference Include="Forms\formCodeGenerator.pas">
            <Form>frmCodeGenerator</Form>
            <FormType>dfm</FormType>
        </DCCReference>
        <DCCReference Include="Zydis.CodeGenerator.pas"/>
        <DCCReference Include="untPropertyEditors.pas"/>
        <BuildConfiguration Include="Release">
            <Key>Cfg_2</Key>
            <CfgParent>Base</CfgParent>
        </BuildConfiguration>
        <BuildConfiguration Include="Base">
            <Key>Base</Key>
        </BuildConfiguration>
        <BuildConfiguration Include="Debug">
            <Key>Cfg_1</Key>
            <CfgParent>Base</CfgParent>
        </BuildConfiguration>
    </ItemGroup>
    <ProjectExtensions>
        <Borland.Personality>Delphi.Personality.12</Borland.Personality>
        <Borland.ProjectType>Application</Borland.ProjectType>
        <BorlandProject>
            <Delphi.Personality>
                <Source>
                    <Source Name="MainSource">InstructionEditor.dpr</Source>
                </Source>
                <Excluded_Packages>
                    <Excluded_Packages Name="$(BDSBIN)\dcloffice2k240.bpl">Microsoft Office 2000 Beispiele für gekapselte Komponenten für Automatisierungsserver</Excluded_Packages>
                    <Excluded_Packages Name="$(BDSBIN)\dclofficexp240.bpl">Microsoft Office XP Beispiele für gekapselte Komponenten für Automation Server</Excluded_Packages>
                </Excluded_Packages>
            </Delphi.Personality>
            <Deployment Version="3">
                <DeployFile LocalName="Win32\Debug\InstructionEditor.exe" Configuration="Debug" Class="ProjectOutput">
                    <Platform Name="Win32">
                        <RemoteName>InstructionEditor.exe</RemoteName>
                        <Overwrite>true</Overwrite>
                    </Platform>
                </DeployFile>
                <DeployClass Name="ProjectiOSDeviceResourceRules">
                    <Platform Name="iOSDevice64">
                        <Operation>1</Operation>
                    </Platform>
                    <Platform Name="iOSDevice32">
                        <Operation>1</Operation>
                    </Platform>
                </DeployClass>
                <DeployClass Name="ProjectOSXResource">
                    <Platform Name="OSX32">
                        <RemoteDir>Contents\Resources</RemoteDir>
                        <Operation>1</Operation>
                    </Platform>
                </DeployClass>
                <DeployClass Name="AndroidClassesDexFile">
                    <Platform Name="Android">
                        <RemoteDir>classes</RemoteDir>
                        <Operation>1</Operation>
                    </Platform>
                </DeployClass>
                <DeployClass Name="Android_LauncherIcon144">
                    <Platform Name="Android">
                        <RemoteDir>res\drawable-xxhdpi</RemoteDir>
                        <Operation>1</Operation>
                    </Platform>
                </DeployClass>
                <DeployClass Name="AdditionalDebugSymbols">
                    <Platform Name="Win32">
                        <RemoteDir>Contents\MacOS</RemoteDir>
                        <Operation>0</Operation>
                    </Platform>
                    <Platform Name="iOSSimulator">
                        <Operation>1</Operation>
                    </Platform>
                    <Platform Name="OSX32">
                        <RemoteDir>Contents\MacOS</RemoteDir>
                        <Operation>1</Operation>
                    </Platform>
                </DeployClass>
                <DeployClass Name="AndroidLibnativeMipsFile">
                    <Platform Name="Android">
                        <RemoteDir>library\lib\mips</RemoteDir>
                        <Operation>1</Operation>
                    </Platform>
                </DeployClass>
                <DeployClass Name="iPad_Launch768">
                    <Platform Name="iOSSimulator">
                        <Operation>1</Operation>
                    </Platform>
                    <Platform Name="iOSDevice64">
                        <Operation>1</Operation>
                    </Platform>
                    <Platform Name="iOSDevice32">
                        <Operation>1</Operation>
                    </Platform>
                </DeployClass>
                <DeployClass Required="true" Name="ProjectOutput">
                    <Platform Name="iOSDevice64">
                        <Operation>1</Operation>
                    </Platform>
                    <Platform Name="iOSDevice32">
                        <Operation>1</Operation>
                    </Platform>
                    <Platform Name="Win32">
                        <Operation>0</Operation>
                    </Platform>
                    <Platform Name="Linux64">
                        <Operation>1</Operation>
                    </Platform>
                    <Platform Name="OSX32">
                        <RemoteDir>Contents\MacOS</RemoteDir>
                        <Operation>1</Operation>
                    </Platform>
                    <Platform Name="Android">
                        <RemoteDir>library\lib\armeabi-v7a</RemoteDir>
                        <Operation>1</Operation>
                    </Platform>
                    <Platform Name="iOSSimulator">
                        <Operation>1</Operation>
                    </Platform>
                </DeployClass>
                <DeployClass Name="DependencyFramework">
                    <Platform Name="Win32">
                        <Operation>0</Operation>
                    </Platform>
                    <Platform Name="OSX32">
                        <RemoteDir>Contents\MacOS</RemoteDir>
                        <Operation>1</Operation>
                        <Extensions>.framework</Extensions>
                    </Platform>
                </DeployClass>
                <DeployClass Name="iPhone_Launch640">
                    <Platform Name="iOSSimulator">
                        <Operation>1</Operation>
                    </Platform>
                    <Platform Name="iOSDevice64">
                        <Operation>1</Operation>
                    </Platform>
                    <Platform Name="iOSDevice32">
                        <Operation>1</Operation>
                    </Platform>
                </DeployClass>
                <DeployClass Name="AndroidLibnativeX86File"/>
                <DeployClass Name="ProjectiOSDeviceDebug">
                    <Platform Name="iOSDevice64">
                        <RemoteDir>..\$(PROJECTNAME).app.dSYM\Contents\Resources\DWARF</RemoteDir>
                        <Operation>1</Operation>
                    </Platform>
                    <Platform Name="iOSDevice32">
                        <RemoteDir>..\$(PROJECTNAME).app.dSYM\Contents\Resources\DWARF</RemoteDir>
                        <Operation>1</Operation>
                    </Platform>
                </DeployClass>
                <DeployClass Name="iPad_Launch1024">
                    <Platform Name="iOSSimulator">
                        <Operation>1</Operation>
                    </Platform>
                    <Platform Name="iOSDevice64">
                        <Operation>1</Operation>
                    </Platform>
                    <Platform Name="iOSDevice32">
                        <Operation>1</Operation>
                    </Platform>
                </DeployClass>
                <DeployClass Name="iPhone_Launch320">
                    <Platform Name="iOSSimulator">
                        <Operation>1</Operation>
                    </Platform>
                    <Platform Name="iOSDevice64">
                        <Operation>1</Operation>
                    </Platform>
                    <Platform Name="iOSDevice32">
                        <Operation>1</Operation>
                    </Platform>
                </DeployClass>
                <DeployClass Name="ProjectiOSInfoPList">
                    <Platform Name="iOSSimulator">
                        <Operation>1</Operation>
                    </Platform>
                    <Platform Name="iOSDevice64">
                        <Operation>1</Operation>
                    </Platform>
                    <Platform Name="iOSDevice32">
                        <Operation>1</Operation>
                    </Platform>
                </DeployClass>
                <DeployClass Name="AndroidLibnativeArmeabiFile">
                    <Platform Name="Android">
                        <RemoteDir>library\lib\armeabi</RemoteDir>
                        <Operation>1</Operation>
                    </Platform>
                </DeployClass>
                <DeployClass Name="DebugSymbols">
                    <Platform Name="Win32">
                        <Operation>0</Operation>
                    </Platform>
                    <Platform Name="iOSSimulator">
                        <Operation>1</Operation>
                    </Platform>
                    <Platform Name="OSX32">
                        <RemoteDir>Contents\MacOS</RemoteDir>
                        <Operation>1</Operation>
                    </Platform>
                </DeployClass>
                <DeployClass Name="iPad_Launch1536">
                    <Platform Name="iOSSimulator">
                        <Operation>1</Operation>
                    </Platform>
                    <Platform Name="iOSDevice64">
                        <Operation>1</Operation>
                    </Platform>
                    <Platform Name="iOSDevice32">
                        <Operation>1</Operation>
                    </Platform>
                </DeployClass>
                <DeployClass Name="Android_SplashImage470">
                    <Platform Name="Android">
                        <RemoteDir>res\drawable-normal</RemoteDir>
                        <Operation>1</Operation>
                    </Platform>
                </DeployClass>
                <DeployClass Name="Android_LauncherIcon96">
                    <Platform Name="Android">
                        <RemoteDir>res\drawable-xhdpi</RemoteDir>
                        <Operation>1</Operation>
                    </Platform>
                </DeployClass>
                <DeployClass Name="Android_SplashImage640">
                    <Platform Name="Android">
                        <RemoteDir>res\drawable-large</RemoteDir>
                        <Operation>1</Operation>
                    </Platform>
                </DeployClass>
                <DeployClass Name="iPhone_Launch640x1136">
                    <Platform Name="iOSSimulator">
                        <Operation>1</Operation>
                    </Platform>
                    <Platform Name="iOSDevice64">
                        <Operation>1</Operation>
                    </Platform>
                    <Platform Name="iOSDevice32">
                        <Operation>1</Operation>
                    </Platform>
                </DeployClass>
                <DeployClass Name="ProjectiOSEntitlements">
                    <Platform Name="iOSDevice64">
                        <RemoteDir>..\</RemoteDir>
                        <Operation>1</Operation>
                    </Platform>
                    <Platform Name="iOSDevice32">
                        <RemoteDir>..\</RemoteDir>
                        <Operation>1</Operation>
                    </Platform>
                </DeployClass>
                <DeployClass Name="AndroidGDBServer">
                    <Platform Name="Android">
                        <RemoteDir>library\lib\armeabi-v7a</RemoteDir>
                        <Operation>1</Operation>
                    </Platform>
                </DeployClass>
                <DeployClass Name="Android_LauncherIcon72">
                    <Platform Name="Android">
                        <RemoteDir>res\drawable-hdpi</RemoteDir>
                        <Operation>1</Operation>
                    </Platform>
                </DeployClass>
                <DeployClass Name="ProjectOSXInfoPList">
                    <Platform Name="OSX32">
                        <RemoteDir>Contents</RemoteDir>
                        <Operation>1</Operation>
                    </Platform>
                </DeployClass>
                <DeployClass Name="ProjectOSXEntitlements">
                    <Platform Name="OSX32">
                        <RemoteDir>..\</RemoteDir>
                        <Operation>1</Operation>
                    </Platform>
                </DeployClass>
                <DeployClass Name="iPad_Launch2048">
                    <Platform Name="iOSSimulator">
                        <Operation>1</Operation>
                    </Platform>
                    <Platform Name="iOSDevice64">
                        <Operation>1</Operation>
                    </Platform>
                    <Platform Name="iOSDevice32">
                        <Operation>1</Operation>
                    </Platform>
                </DeployClass>
                <DeployClass Name="AndroidSplashStyles">
                    <Platform Name="Android">
                        <RemoteDir>res\values</RemoteDir>
                        <Operation>1</Operation>
                    </Platform>
                </DeployClass>
                <DeployClass Name="Android_SplashImage426">
                    <Platform Name="Android">
                        <RemoteDir>res\drawable-small</RemoteDir>
                        <Operation>1</Operation>
                    </Platform>
                </DeployClass>
                <DeployClass Name="AndroidSplashImageDef">
                    <Platform Name="Android">
                        <RemoteDir>res\drawable</RemoteDir>
                        <Operation>1</Operation>
                    </Platform>
                </DeployClass>
                <DeployClass Name="ProjectiOSResource">
                    <Platform Name="iOSSimulator">
                        <Operation>1</Operation>
                    </Platform>
                    <Platform Name="iOSDevice64">
                        <Operation>1</Operation>
                    </Platform>
                    <Platform Name="iOSDevice32">
                        <Operation>1</Operation>
                    </Platform>
                </DeployClass>
                <DeployClass Name="ProjectAndroidManifest">
                    <Platform Name="Android">
                        <Operation>1</Operation>
                    </Platform>
                </DeployClass>
                <DeployClass Name="Android_DefaultAppIcon">
                    <Platform Name="Android">
                        <RemoteDir>res\drawable</RemoteDir>
                        <Operation>1</Operation>
                    </Platform>
                </DeployClass>
                <DeployClass Name="File">
                    <Platform Name="Win32">
                        <Operation>0</Operation>
                    </Platform>
                    <Platform Name="iOSDevice64">
                        <Operation>0</Operation>
                    </Platform>
                    <Platform Name="OSX32">
                        <RemoteDir>Contents\Resources\StartUp\</RemoteDir>
                        <Operation>0</Operation>
                    </Platform>
                    <Platform Name="iOSDevice32">
                        <Operation>0</Operation>
                    </Platform>
                    <Platform Name="Android">
                        <Operation>0</Operation>
                    </Platform>
                    <Platform Name="iOSSimulator">
                        <Operation>0</Operation>
                    </Platform>
                </DeployClass>
                <DeployClass Name="AndroidServiceOutput">
                    <Platform Name="Android">
                        <RemoteDir>library\lib\armeabi-v7a</RemoteDir>
                        <Operation>1</Operation>
                    </Platform>
                </DeployClass>
                <DeployClass Required="true" Name="DependencyPackage">
                    <Platform Name="Win32">
                        <Operation>0</Operation>
                        <Extensions>.bpl</Extensions>
                    </Platform>
                    <Platform Name="iOSDevice64">
                        <Operation>1</Operation>
                        <Extensions>.dylib</Extensions>
                    </Platform>
                    <Platform Name="OSX32">
                        <RemoteDir>Contents\MacOS</RemoteDir>
                        <Operation>1</Operation>
                        <Extensions>.dylib</Extensions>
                    </Platform>
                    <Platform Name="iOSDevice32">
                        <Operation>1</Operation>
                        <Extensions>.dylib</Extensions>
                    </Platform>
                    <Platform Name="iOSSimulator">
                        <Operation>1</Operation>
                        <Extensions>.dylib</Extensions>
                    </Platform>
                </DeployClass>
                <DeployClass Name="Android_LauncherIcon48">
                    <Platform Name="Android">
                        <RemoteDir>res\drawable-mdpi</RemoteDir>
                        <Operation>1</Operation>
                    </Platform>
                </DeployClass>
                <DeployClass Name="Android_SplashImage960">
                    <Platform Name="Android">
                        <RemoteDir>res\drawable-xlarge</RemoteDir>
                        <Operation>1</Operation>
                    </Platform>
                </DeployClass>
                <DeployClass Name="Android_LauncherIcon36">
                    <Platform Name="Android">
                        <RemoteDir>res\drawable-ldpi</RemoteDir>
                        <Operation>1</Operation>
                    </Platform>
                </DeployClass>
                <DeployClass Name="DependencyModule">
                    <Platform Name="Win32">
                        <Operation>0</Operation>
                        <Extensions>.dll;.bpl</Extensions>
                    </Platform>
                    <Platform Name="iOSDevice64">
                        <Operation>1</Operation>
                        <Extensions>.dylib</Extensions>
                    </Platform>
                    <Platform Name="OSX32">
                        <RemoteDir>Contents\MacOS</RemoteDir>
                        <Operation>1</Operation>
                        <Extensions>.dylib</Extensions>
                    </Platform>
                    <Platform Name="iOSDevice32">
                        <Operation>1</Operation>
                        <Extensions>.dylib</Extensions>
                    </Platform>
                    <Platform Name="iOSSimulator">
                        <Operation>1</Operation>
                        <Extensions>.dylib</Extensions>
                    </Platform>
                </DeployClass>
                <ProjectRoot Platform="iOSDevice64" Name="$(PROJECTNAME).app"/>
                <ProjectRoot Platform="Win64" Name="$(PROJECTNAME)"/>
                <ProjectRoot Platform="iOSDevice32" Name="$(PROJECTNAME).app"/>
                <ProjectRoot Platform="Win32" Name="$(PROJECTNAME)"/>
                <ProjectRoot Platform="Linux64" Name="$(PROJECTNAME)"/>
                <ProjectRoot Platform="OSX32" Name="$(PROJECTNAME).app"/>
                <ProjectRoot Platform="Android" Name="$(PROJECTNAME)"/>
                <ProjectRoot Platform="iOSSimulator" Name="$(PROJECTNAME).app"/>
            </Deployment>
            <Platforms>
                <Platform value="Win32">True</Platform>
                <Platform value="Win64">True</Platform>
            </Platforms>
        </BorlandProject>
        <ProjectFileVersion>12</ProjectFileVersion>
    </ProjectExtensions>
    <Import Project="$(BDS)\Bin\CodeGear.Delphi.Targets" Condition="Exists('$(BDS)\Bin\CodeGear.Delphi.Targets')"/>
    <Import Project="$(APPDATA)\Embarcadero\$(BDSAPPDATABASEDIR)\$(PRODUCTVERSION)\UserTools.proj" Condition="Exists('$(APPDATA)\Embarcadero\$(BDSAPPDATABASEDIR)\$(PRODUCTVERSION)\UserTools.proj')"/>
    <Import Project="$(MSBuildProjectName).deployproj" Condition="Exists('$(MSBuildProjectName).deployproj')"/>
</Project>
