Microsoft Visual Studio Solution File, Format Version 12.00
# Visual Studio Version 16
VisualStudioVersion = 16.0.28621.142
MinimumVisualStudioVersion = 10.0.40219.1
Project("{2150E333-8FDC-42A3-9474-1A3956D46DE8}") = "Examples", "Examples", "{4F5048C7-CB90-437E-AB21-32258F9650B6}"
EndProject
Project("{2150E333-8FDC-42A3-9474-1A3956D46DE8}") = "Tools", "Tools", "{292A9E1E-C557-4570-ABE1-8EEC0E1B79C4}"
EndProject
Project("{8BC9CEB8-8B4A-11D0-8D11-00A0C91BC942}") = "Formatter01", "examples\Formatter01.vcxproj", "{B715A378-C8B9-4DC1-A57B-8BC4C47CED28}"
	ProjectSection(ProjectDependencies) = postProject
		{88A23124-5640-35A0-B890-311D7A67A7D2} = {88A23124-5640-35A0-B890-311D7A67A7D2}
		{E06E2E87-82B9-4DC2-A1E9-FE371CDBAAC2} = {E06E2E87-82B9-4DC2-A1E9-FE371CDBAAC2}
	EndProjectSection
EndProject
Project("{8BC9CEB8-8B4A-11D0-8D11-00A0C91BC942}") = "Formatter02", "examples\Formatter02.vcxproj", "{FD558EDB-A3E1-4FB5-A40A-4BE19346B24F}"
	ProjectSection(ProjectDependencies) = postProject
		{88A23124-5640-35A0-B890-311D7A67A7D2} = {88A23124-5640-35A0-B890-311D7A67A7D2}
		{E06E2E87-82B9-4DC2-A1E9-FE371CDBAAC2} = {E06E2E87-82B9-4DC2-A1E9-FE371CDBAAC2}
	EndProjectSection
EndProject
Project("{8BC9CEB8-8B4A-11D0-8D11-00A0C91BC942}") = "Formatter03", "examples\Formatter03.vcxproj", "{A67C94F3-60F8-4AAF-9309-F86F73F8529C}"
	ProjectSection(ProjectDependencies) = postProject
		{88A23124-5640-35A0-B890-311D7A67A7D2} = {88A23124-5640-35A0-B890-311D7A67A7D2}
		{E06E2E87-82B9-4DC2-A1E9-FE371CDBAAC2} = {E06E2E87-82B9-4DC2-A1E9-FE371CDBAAC2}
	EndProjectSection
EndProject
Project("{8BC9CEB8-8B4A-11D0-8D11-00A0C91BC942}") = "ZydisPerfTest", "examples\ZydisPerfTest.vcxproj", "{91EF3E98-CD57-3870-A399-A0D98D193F80}"
	ProjectSection(ProjectDependencies) = postProject
		{88A23124-5640-35A0-B890-311D7A67A7D2} = {88A23124-5640-35A0-B890-311D7A67A7D2}
		{E06E2E87-82B9-4DC2-A1E9-FE371CDBAAC2} = {E06E2E87-82B9-4DC2-A1E9-FE371CDBAAC2}
	EndProjectSection
EndProject
Project("{8BC9CEB8-8B4A-11D0-8D11-00A0C91BC942}") = "ZydisDisasm", "tools\ZydisDisasm.vcxproj", "{805CBF3F-3DDC-3141-AD7C-3B452FBEBCD2}"
	ProjectSection(ProjectDependencies) = postProject
		{88A23124-5640-35A0-B890-311D7A67A7D2} = {88A23124-5640-35A0-B890-311D7A67A7D2}
		{E06E2E87-82B9-4DC2-A1E9-FE371CDBAAC2} = {E06E2E87-82B9-4DC2-A1E9-FE371CDBAAC2}
	EndProjectSection
EndProject
Project("{8BC9CEB8-8B4A-11D0-8D11-00A0C91BC942}") = "ZydisFuzzIn", "tools\ZydisFuzzIn.vcxproj", "{A0C9A331-13CC-3762-9D26-9F82C6518CAA}"
	ProjectSection(ProjectDependencies) = postProject
		{88A23124-5640-35A0-B890-311D7A67A7D2} = {88A23124-5640-35A0-B890-311D7A67A7D2}
		{E06E2E87-82B9-4DC2-A1E9-FE371CDBAAC2} = {E06E2E87-82B9-4DC2-A1E9-FE371CDBAAC2}
	EndProjectSection
EndProject
Project("{8BC9CEB8-8B4A-11D0-8D11-00A0C91BC942}") = "ZydisInfo", "tools\ZydisInfo.vcxproj", "{BC04B6A7-D80C-3FED-97AC-BCC8370D6A7E}"
	ProjectSection(ProjectDependencies) = postProject
		{88A23124-5640-35A0-B890-311D7A67A7D2} = {88A23124-5640-35A0-B890-311D7A67A7D2}
		{E06E2E87-82B9-4DC2-A1E9-FE371CDBAAC2} = {E06E2E87-82B9-4DC2-A1E9-FE371CDBAAC2}
	EndProjectSection
EndProject
Project("{8BC9CEB8-8B4A-11D0-8D11-00A0C91BC942}") = "Zydis", "zydis\Zydis.vcxproj", "{88A23124-5640-35A0-B890-311D7A67A7D2}"
EndProject
Project("{8BC9CEB8-8B4A-11D0-8D11-00A0C91BC942}") = "ZydisWinKernel", "examples\ZydisWinKernel.vcxproj", "{45BD58A5-1711-417F-99E7-B640C56F8009}"
	ProjectSection(ProjectDependencies) = postProject
		{88A23124-5640-35A0-B890-311D7A67A7D2} = {88A23124-5640-35A0-B890-311D7A67A7D2}
	EndProjectSection
EndProject
Project("{8BC9CEB8-8B4A-11D0-8D11-00A0C91BC942}") = "Zycore", "dependencies\zycore\Zycore.vcxproj", "{E06E2E87-82B9-4DC2-A1E9-FE371CDBAAC2}"
EndProject
Global
	GlobalSection(SolutionConfigurationPlatforms) = preSolution
		Debug DLL MDd|Win32 = Debug DLL MDd|Win32
		Debug DLL MDd|x64 = Debug DLL MDd|x64
		Debug DLL MTd|Win32 = Debug DLL MTd|Win32
		Debug DLL MTd|x64 = Debug DLL MTd|x64
		Debug Kernel|Win32 = Debug Kernel|Win32
		Debug Kernel|x64 = Debug Kernel|x64
		Debug MDd|Win32 = Debug MDd|Win32
		Debug MDd|x64 = Debug MDd|x64
		Debug MTd|Win32 = Debug MTd|Win32
		Debug MTd|x64 = Debug MTd|x64
		Release DLL MD|Win32 = Release DLL MD|Win32
		Release DLL MD|x64 = Release DLL MD|x64
		Release DLL MT|Win32 = Release DLL MT|Win32
		Release DLL MT|x64 = Release DLL MT|x64
		Release Kernel|Win32 = Release Kernel|Win32
		Release Kernel|x64 = Release Kernel|x64
		Release MD|Win32 = Release MD|Win32
		Release MD|x64 = Release MD|x64
		Release MT|Win32 = Release MT|Win32
		Release MT|x64 = Release MT|x64
	EndGlobalSection
	GlobalSection(ProjectConfigurationPlatforms) = postSolution
		{B715A378-C8B9-4DC1-A57B-8BC4C47CED28}.Debug DLL MDd|Win32.ActiveCfg = Debug DLL MDd|Win32
		{B715A378-C8B9-4DC1-A57B-8BC4C47CED28}.Debug DLL MDd|Win32.Build.0 = Debug DLL MDd|Win32
		{B715A378-C8B9-4DC1-A57B-8BC4C47CED28}.Debug DLL MDd|x64.ActiveCfg = Debug DLL MDd|x64
		{B715A378-C8B9-4DC1-A57B-8BC4C47CED28}.Debug DLL MDd|x64.Build.0 = Debug DLL MDd|x64
		{B715A378-C8B9-4DC1-A57B-8BC4C47CED28}.Debug DLL MTd|Win32.ActiveCfg = Debug DLL MTd|Win32
		{B715A378-C8B9-4DC1-A57B-8BC4C47CED28}.Debug DLL MTd|Win32.Build.0 = Debug DLL MTd|Win32
		{B715A378-C8B9-4DC1-A57B-8BC4C47CED28}.Debug DLL MTd|x64.ActiveCfg = Debug DLL MTd|x64
		{B715A378-C8B9-4DC1-A57B-8BC4C47CED28}.Debug Kernel|Win32.ActiveCfg = Debug DLL MDd|Win32
		{B715A378-C8B9-4DC1-A57B-8BC4C47CED28}.Debug Kernel|x64.ActiveCfg = Debug DLL MDd|x64
		{B715A378-C8B9-4DC1-A57B-8BC4C47CED28}.Debug MDd|Win32.ActiveCfg = Debug MDd|Win32
		{B715A378-C8B9-4DC1-A57B-8BC4C47CED28}.Debug MDd|Win32.Build.0 = Debug MDd|Win32
		{B715A378-C8B9-4DC1-A57B-8BC4C47CED28}.Debug MDd|x64.ActiveCfg = Debug MDd|x64
		{B715A378-C8B9-4DC1-A57B-8BC4C47CED28}.Debug MDd|x64.Build.0 = Debug MDd|x64
		{B715A378-C8B9-4DC1-A57B-8BC4C47CED28}.Debug MTd|Win32.ActiveCfg = Debug MTd|Win32
		{B715A378-C8B9-4DC1-A57B-8BC4C47CED28}.Debug MTd|Win32.Build.0 = Debug MTd|Win32
		{B715A378-C8B9-4DC1-A57B-8BC4C47CED28}.Debug MTd|x64.ActiveCfg = Debug MTd|x64
		{B715A378-C8B9-4DC1-A57B-8BC4C47CED28}.Debug MTd|x64.Build.0 = Debug MTd|x64
		{B715A378-C8B9-4DC1-A57B-8BC4C47CED28}.Release DLL MD|Win32.ActiveCfg = Release DLL MD|Win32
		{B715A378-C8B9-4DC1-A57B-8BC4C47CED28}.Release DLL MD|Win32.Build.0 = Release DLL MD|Win32
		{B715A378-C8B9-4DC1-A57B-8BC4C47CED28}.Release DLL MD|x64.ActiveCfg = Release DLL MD|x64
		{B715A378-C8B9-4DC1-A57B-8BC4C47CED28}.Release DLL MD|x64.Build.0 = Release DLL MD|x64
		{B715A378-C8B9-4DC1-A57B-8BC4C47CED28}.Release DLL MT|Win32.ActiveCfg = Release DLL MT|Win32
		{B715A378-C8B9-4DC1-A57B-8BC4C47CED28}.Release DLL MT|Win32.Build.0 = Release DLL MT|Win32
		{B715A378-C8B9-4DC1-A57B-8BC4C47CED28}.Release DLL MT|x64.ActiveCfg = Release DLL MT|x64
		{B715A378-C8B9-4DC1-A57B-8BC4C47CED28}.Release Kernel|Win32.ActiveCfg = Release DLL MD|Win32
		{B715A378-C8B9-4DC1-A57B-8BC4C47CED28}.Release Kernel|x64.ActiveCfg = Release DLL MD|x64
		{B715A378-C8B9-4DC1-A57B-8BC4C47CED28}.Release MD|Win32.ActiveCfg = Release MD|Win32
		{B715A378-C8B9-4DC1-A57B-8BC4C47CED28}.Release MD|Win32.Build.0 = Release MD|Win32
		{B715A378-C8B9-4DC1-A57B-8BC4C47CED28}.Release MD|x64.ActiveCfg = Release MD|x64
		{B715A378-C8B9-4DC1-A57B-8BC4C47CED28}.Release MD|x64.Build.0 = Release MD|x64
		{B715A378-C8B9-4DC1-A57B-8BC4C47CED28}.Release MT|Win32.ActiveCfg = Release MT|Win32
		{B715A378-C8B9-4DC1-A57B-8BC4C47CED28}.Release MT|Win32.Build.0 = Release MT|Win32
		{B715A378-C8B9-4DC1-A57B-8BC4C47CED28}.Release MT|x64.ActiveCfg = Release MT|x64
		{B715A378-C8B9-4DC1-A57B-8BC4C47CED28}.Release MT|x64.Build.0 = Release MT|x64
		{FD558EDB-A3E1-4FB5-A40A-4BE19346B24F}.Debug DLL MDd|Win32.ActiveCfg = Debug DLL MDd|Win32
		{FD558EDB-A3E1-4FB5-A40A-4BE19346B24F}.Debug DLL MDd|Win32.Build.0 = Debug DLL MDd|Win32
		{FD558EDB-A3E1-4FB5-A40A-4BE19346B24F}.Debug DLL MDd|x64.ActiveCfg = Debug DLL MDd|x64
		{FD558EDB-A3E1-4FB5-A40A-4BE19346B24F}.Debug DLL MDd|x64.Build.0 = Debug DLL MDd|x64
		{FD558EDB-A3E1-4FB5-A40A-4BE19346B24F}.Debug DLL MTd|Win32.ActiveCfg = Debug DLL MTd|Win32
		{FD558EDB-A3E1-4FB5-A40A-4BE19346B24F}.Debug DLL MTd|Win32.Build.0 = Debug DLL MTd|Win32
		{FD558EDB-A3E1-4FB5-A40A-4BE19346B24F}.Debug DLL MTd|x64.ActiveCfg = Debug DLL MTd|x64
		{FD558EDB-A3E1-4FB5-A40A-4BE19346B24F}.Debug Kernel|Win32.ActiveCfg = Debug MDd|Win32
		{FD558EDB-A3E1-4FB5-A40A-4BE19346B24F}.Debug Kernel|x64.ActiveCfg = Debug MDd|x64
		{FD558EDB-A3E1-4FB5-A40A-4BE19346B24F}.Debug MDd|Win32.ActiveCfg = Debug MDd|Win32
		{FD558EDB-A3E1-4FB5-A40A-4BE19346B24F}.Debug MDd|Win32.Build.0 = Debug MDd|Win32
		{FD558EDB-A3E1-4FB5-A40A-4BE19346B24F}.Debug MDd|x64.ActiveCfg = Debug MDd|x64
		{FD558EDB-A3E1-4FB5-A40A-4BE19346B24F}.Debug MDd|x64.Build.0 = Debug MDd|x64
		{FD558EDB-A3E1-4FB5-A40A-4BE19346B24F}.Debug MTd|Win32.ActiveCfg = Debug MTd|Win32
		{FD558EDB-A3E1-4FB5-A40A-4BE19346B24F}.Debug MTd|Win32.Build.0 = Debug MTd|Win32
		{FD558EDB-A3E1-4FB5-A40A-4BE19346B24F}.Debug MTd|x64.ActiveCfg = Debug MTd|x64
		{FD558EDB-A3E1-4FB5-A40A-4BE19346B24F}.Debug MTd|x64.Build.0 = Debug MTd|x64
		{FD558EDB-A3E1-4FB5-A40A-4BE19346B24F}.Release DLL MD|Win32.ActiveCfg = Release DLL MD|Win32
		{FD558EDB-A3E1-4FB5-A40A-4BE19346B24F}.Release DLL MD|Win32.Build.0 = Release DLL MD|Win32
		{FD558EDB-A3E1-4FB5-A40A-4BE19346B24F}.Release DLL MD|x64.ActiveCfg = Release DLL MD|x64
		{FD558EDB-A3E1-4FB5-A40A-4BE19346B24F}.Release DLL MD|x64.Build.0 = Release DLL MD|x64
		{FD558EDB-A3E1-4FB5-A40A-4BE19346B24F}.Release DLL MT|Win32.ActiveCfg = Release DLL MT|Win32
		{FD558EDB-A3E1-4FB5-A40A-4BE19346B24F}.Release DLL MT|Win32.Build.0 = Release DLL MT|Win32
		{FD558EDB-A3E1-4FB5-A40A-4BE19346B24F}.Release DLL MT|x64.ActiveCfg = Release DLL MT|x64
		{FD558EDB-A3E1-4FB5-A40A-4BE19346B24F}.Release Kernel|Win32.ActiveCfg = Release MD|Win32
		{FD558EDB-A3E1-4FB5-A40A-4BE19346B24F}.Release Kernel|x64.ActiveCfg = Release MD|x64
		{FD558EDB-A3E1-4FB5-A40A-4BE19346B24F}.Release MD|Win32.ActiveCfg = Release MD|Win32
		{FD558EDB-A3E1-4FB5-A40A-4BE19346B24F}.Release MD|Win32.Build.0 = Release MD|Win32
		{FD558EDB-A3E1-4FB5-A40A-4BE19346B24F}.Release MD|x64.ActiveCfg = Release MD|x64
		{FD558EDB-A3E1-4FB5-A40A-4BE19346B24F}.Release MD|x64.Build.0 = Release MD|x64
		{FD558EDB-A3E1-4FB5-A40A-4BE19346B24F}.Release MT|Win32.ActiveCfg = Release MT|Win32
		{FD558EDB-A3E1-4FB5-A40A-4BE19346B24F}.Release MT|Win32.Build.0 = Release MT|Win32
		{FD558EDB-A3E1-4FB5-A40A-4BE19346B24F}.Release MT|x64.ActiveCfg = Release MT|x64
		{FD558EDB-A3E1-4FB5-A40A-4BE19346B24F}.Release MT|x64.Build.0 = Release MT|x64
		{A67C94F3-60F8-4AAF-9309-F86F73F8529C}.Debug DLL MDd|Win32.ActiveCfg = Debug DLL MDd|Win32
		{A67C94F3-60F8-4AAF-9309-F86F73F8529C}.Debug DLL MDd|Win32.Build.0 = Debug DLL MDd|Win32
		{A67C94F3-60F8-4AAF-9309-F86F73F8529C}.Debug DLL MDd|x64.ActiveCfg = Debug DLL MDd|x64
		{A67C94F3-60F8-4AAF-9309-F86F73F8529C}.Debug DLL MDd|x64.Build.0 = Debug DLL MDd|x64
		{A67C94F3-60F8-4AAF-9309-F86F73F8529C}.Debug DLL MTd|Win32.ActiveCfg = Debug DLL MTd|Win32
		{A67C94F3-60F8-4AAF-9309-F86F73F8529C}.Debug DLL MTd|Win32.Build.0 = Debug DLL MTd|Win32
		{A67C94F3-60F8-4AAF-9309-F86F73F8529C}.Debug DLL MTd|x64.ActiveCfg = Debug DLL MTd|x64
		{A67C94F3-60F8-4AAF-9309-F86F73F8529C}.Debug Kernel|Win32.ActiveCfg = Debug MDd|Win32
		{A67C94F3-60F8-4AAF-9309-F86F73F8529C}.Debug Kernel|x64.ActiveCfg = Debug MDd|x64
		{A67C94F3-60F8-4AAF-9309-F86F73F8529C}.Debug MDd|Win32.ActiveCfg = Debug MDd|Win32
		{A67C94F3-60F8-4AAF-9309-F86F73F8529C}.Debug MDd|Win32.Build.0 = Debug MDd|Win32
		{A67C94F3-60F8-4AAF-9309-F86F73F8529C}.Debug MDd|x64.ActiveCfg = Debug MDd|x64
		{A67C94F3-60F8-4AAF-9309-F86F73F8529C}.Debug MDd|x64.Build.0 = Debug MDd|x64
		{A67C94F3-60F8-4AAF-9309-F86F73F8529C}.Debug MTd|Win32.ActiveCfg = Debug MTd|Win32
		{A67C94F3-60F8-4AAF-9309-F86F73F8529C}.Debug MTd|Win32.Build.0 = Debug MTd|Win32
		{A67C94F3-60F8-4AAF-9309-F86F73F8529C}.Debug MTd|x64.ActiveCfg = Debug MTd|x64
		{A67C94F3-60F8-4AAF-9309-F86F73F8529C}.Debug MTd|x64.Build.0 = Debug MTd|x64
		{A67C94F3-60F8-4AAF-9309-F86F73F8529C}.Release DLL MD|Win32.ActiveCfg = Release DLL MD|Win32
		{A67C94F3-60F8-4AAF-9309-F86F73F8529C}.Release DLL MD|Win32.Build.0 = Release DLL MD|Win32
		{A67C94F3-60F8-4AAF-9309-F86F73F8529C}.Release DLL MD|x64.ActiveCfg = Release DLL MD|x64
		{A67C94F3-60F8-4AAF-9309-F86F73F8529C}.Release DLL MD|x64.Build.0 = Release DLL MD|x64
		{A67C94F3-60F8-4AAF-9309-F86F73F8529C}.Release DLL MT|Win32.ActiveCfg = Release DLL MT|Win32
		{A67C94F3-60F8-4AAF-9309-F86F73F8529C}.Release DLL MT|Win32.Build.0 = Release DLL MT|Win32
		{A67C94F3-60F8-4AAF-9309-F86F73F8529C}.Release DLL MT|x64.ActiveCfg = Release DLL MT|x64
		{A67C94F3-60F8-4AAF-9309-F86F73F8529C}.Release Kernel|Win32.ActiveCfg = Release DLL MD|Win32
		{A67C94F3-60F8-4AAF-9309-F86F73F8529C}.Release Kernel|x64.ActiveCfg = Release DLL MD|x64
		{A67C94F3-60F8-4AAF-9309-F86F73F8529C}.Release MD|Win32.ActiveCfg = Release MD|Win32
		{A67C94F3-60F8-4AAF-9309-F86F73F8529C}.Release MD|Win32.Build.0 = Release MD|Win32
		{A67C94F3-60F8-4AAF-9309-F86F73F8529C}.Release MD|x64.ActiveCfg = Release MD|x64
		{A67C94F3-60F8-4AAF-9309-F86F73F8529C}.Release MD|x64.Build.0 = Release MD|x64
		{A67C94F3-60F8-4AAF-9309-F86F73F8529C}.Release MT|Win32.ActiveCfg = Release MT|Win32
		{A67C94F3-60F8-4AAF-9309-F86F73F8529C}.Release MT|Win32.Build.0 = Release MT|Win32
		{A67C94F3-60F8-4AAF-9309-F86F73F8529C}.Release MT|x64.ActiveCfg = Release MT|x64
		{A67C94F3-60F8-4AAF-9309-F86F73F8529C}.Release MT|x64.Build.0 = Release MT|x64
		{91EF3E98-CD57-3870-A399-A0D98D193F80}.Debug DLL MDd|Win32.ActiveCfg = Debug DLL MDd|Win32
		{91EF3E98-CD57-3870-A399-A0D98D193F80}.Debug DLL MDd|Win32.Build.0 = Debug DLL MDd|Win32
		{91EF3E98-CD57-3870-A399-A0D98D193F80}.Debug DLL MDd|x64.ActiveCfg = Debug DLL MDd|x64
		{91EF3E98-CD57-3870-A399-A0D98D193F80}.Debug DLL MDd|x64.Build.0 = Debug DLL MDd|x64
		{91EF3E98-CD57-3870-A399-A0D98D193F80}.Debug DLL MTd|Win32.ActiveCfg = Debug DLL MTd|Win32
		{91EF3E98-CD57-3870-A399-A0D98D193F80}.Debug DLL MTd|Win32.Build.0 = Debug DLL MTd|Win32
		{91EF3E98-CD57-3870-A399-A0D98D193F80}.Debug DLL MTd|x64.ActiveCfg = Debug DLL MTd|x64
		{91EF3E98-CD57-3870-A399-A0D98D193F80}.Debug Kernel|Win32.ActiveCfg = Debug DLL MDd|Win32
		{91EF3E98-CD57-3870-A399-A0D98D193F80}.Debug Kernel|x64.ActiveCfg = Debug DLL MDd|x64
		{91EF3E98-CD57-3870-A399-A0D98D193F80}.Debug MDd|Win32.ActiveCfg = Debug MDd|Win32
		{91EF3E98-CD57-3870-A399-A0D98D193F80}.Debug MDd|Win32.Build.0 = Debug MDd|Win32
		{91EF3E98-CD57-3870-A399-A0D98D193F80}.Debug MDd|x64.ActiveCfg = Debug MDd|x64
		{91EF3E98-CD57-3870-A399-A0D98D193F80}.Debug MDd|x64.Build.0 = Debug MDd|x64
		{91EF3E98-CD57-3870-A399-A0D98D193F80}.Debug MTd|Win32.ActiveCfg = Debug MTd|Win32
		{91EF3E98-CD57-3870-A399-A0D98D193F80}.Debug MTd|Win32.Build.0 = Debug MTd|Win32
		{91EF3E98-CD57-3870-A399-A0D98D193F80}.Debug MTd|x64.ActiveCfg = Debug MTd|x64
		{91EF3E98-CD57-3870-A399-A0D98D193F80}.Debug MTd|x64.Build.0 = Debug MTd|x64
		{91EF3E98-CD57-3870-A399-A0D98D193F80}.Release DLL MD|Win32.ActiveCfg = Release DLL MD|Win32
		{91EF3E98-CD57-3870-A399-A0D98D193F80}.Release DLL MD|Win32.Build.0 = Release DLL MD|Win32
		{91EF3E98-CD57-3870-A399-A0D98D193F80}.Release DLL MD|x64.ActiveCfg = Release DLL MD|x64
		{91EF3E98-CD57-3870-A399-A0D98D193F80}.Release DLL MD|x64.Build.0 = Release DLL MD|x64
		{91EF3E98-CD57-3870-A399-A0D98D193F80}.Release DLL MT|Win32.ActiveCfg = Release DLL MT|Win32
		{91EF3E98-CD57-3870-A399-A0D98D193F80}.Release DLL MT|Win32.Build.0 = Release DLL MT|Win32
		{91EF3E98-CD57-3870-A399-A0D98D193F80}.Release DLL MT|x64.ActiveCfg = Release DLL MT|x64
		{91EF3E98-CD57-3870-A399-A0D98D193F80}.Release Kernel|Win32.ActiveCfg = Release DLL MD|Win32
		{91EF3E98-CD57-3870-A399-A0D98D193F80}.Release Kernel|x64.ActiveCfg = Release DLL MD|x64
		{91EF3E98-CD57-3870-A399-A0D98D193F80}.Release MD|Win32.ActiveCfg = Release MD|Win32
		{91EF3E98-CD57-3870-A399-A0D98D193F80}.Release MD|Win32.Build.0 = Release MD|Win32
		{91EF3E98-CD57-3870-A399-A0D98D193F80}.Release MD|x64.ActiveCfg = Release MD|x64
		{91EF3E98-CD57-3870-A399-A0D98D193F80}.Release MD|x64.Build.0 = Release MD|x64
		{91EF3E98-CD57-3870-A399-A0D98D193F80}.Release MT|Win32.ActiveCfg = Release MT|Win32
		{91EF3E98-CD57-3870-A399-A0D98D193F80}.Release MT|Win32.Build.0 = Release MT|Win32
		{91EF3E98-CD57-3870-A399-A0D98D193F80}.Release MT|x64.ActiveCfg = Release MT|x64
		{91EF3E98-CD57-3870-A399-A0D98D193F80}.Release MT|x64.Build.0 = Release MT|x64
		{805CBF3F-3DDC-3141-AD7C-3B452FBEBCD2}.Debug DLL MDd|Win32.ActiveCfg = Debug DLL MDd|Win32
		{805CBF3F-3DDC-3141-AD7C-3B452FBEBCD2}.Debug DLL MDd|Win32.Build.0 = Debug DLL MDd|Win32
		{805CBF3F-3DDC-3141-AD7C-3B452FBEBCD2}.Debug DLL MDd|x64.ActiveCfg = Debug DLL MDd|x64
		{805CBF3F-3DDC-3141-AD7C-3B452FBEBCD2}.Debug DLL MDd|x64.Build.0 = Debug DLL MDd|x64
		{805CBF3F-3DDC-3141-AD7C-3B452FBEBCD2}.Debug DLL MTd|Win32.ActiveCfg = Debug DLL MTd|Win32
		{805CBF3F-3DDC-3141-AD7C-3B452FBEBCD2}.Debug DLL MTd|Win32.Build.0 = Debug DLL MTd|Win32
		{805CBF3F-3DDC-3141-AD7C-3B452FBEBCD2}.Debug DLL MTd|x64.ActiveCfg = Debug DLL MTd|x64
		{805CBF3F-3DDC-3141-AD7C-3B452FBEBCD2}.Debug DLL MTd|x64.Build.0 = Debug DLL MTd|x64
		{805CBF3F-3DDC-3141-AD7C-3B452FBEBCD2}.Debug Kernel|Win32.ActiveCfg = Debug DLL MDd|Win32
		{805CBF3F-3DDC-3141-AD7C-3B452FBEBCD2}.Debug Kernel|x64.ActiveCfg = Debug DLL MDd|x64
		{805CBF3F-3DDC-3141-AD7C-3B452FBEBCD2}.Debug MDd|Win32.ActiveCfg = Debug MDd|Win32
		{805CBF3F-3DDC-3141-AD7C-3B452FBEBCD2}.Debug MDd|Win32.Build.0 = Debug MDd|Win32
		{805CBF3F-3DDC-3141-AD7C-3B452FBEBCD2}.Debug MDd|x64.ActiveCfg = Debug MDd|x64
		{805CBF3F-3DDC-3141-AD7C-3B452FBEBCD2}.Debug MDd|x64.Build.0 = Debug MDd|x64
		{805CBF3F-3DDC-3141-AD7C-3B452FBEBCD2}.Debug MTd|Win32.ActiveCfg = Debug MTd|Win32
		{805CBF3F-3DDC-3141-AD7C-3B452FBEBCD2}.Debug MTd|Win32.Build.0 = Debug MTd|Win32
		{805CBF3F-3DDC-3141-AD7C-3B452FBEBCD2}.Debug MTd|x64.ActiveCfg = Debug MTd|x64
		{805CBF3F-3DDC-3141-AD7C-3B452FBEBCD2}.Debug MTd|x64.Build.0 = Debug MTd|x64
		{805CBF3F-3DDC-3141-AD7C-3B452FBEBCD2}.Release DLL MD|Win32.ActiveCfg = Release DLL MD|Win32
		{805CBF3F-3DDC-3141-AD7C-3B452FBEBCD2}.Release DLL MD|Win32.Build.0 = Release DLL MD|Win32
		{805CBF3F-3DDC-3141-AD7C-3B452FBEBCD2}.Release DLL MD|x64.ActiveCfg = Release DLL MD|x64
		{805CBF3F-3DDC-3141-AD7C-3B452FBEBCD2}.Release DLL MD|x64.Build.0 = Release DLL MD|x64
		{805CBF3F-3DDC-3141-AD7C-3B452FBEBCD2}.Release DLL MT|Win32.ActiveCfg = Release DLL MT|Win32
		{805CBF3F-3DDC-3141-AD7C-3B452FBEBCD2}.Release DLL MT|Win32.Build.0 = Release DLL MT|Win32
		{805CBF3F-3DDC-3141-AD7C-3B452FBEBCD2}.Release DLL MT|x64.ActiveCfg = Release DLL MT|x64
		{805CBF3F-3DDC-3141-AD7C-3B452FBEBCD2}.Release DLL MT|x64.Build.0 = Release DLL MT|x64
		{805CBF3F-3DDC-3141-AD7C-3B452FBEBCD2}.Release Kernel|Win32.ActiveCfg = Release DLL MD|Win32
		{805CBF3F-3DDC-3141-AD7C-3B452FBEBCD2}.Release Kernel|x64.ActiveCfg = Release DLL MD|x64
		{805CBF3F-3DDC-3141-AD7C-3B452FBEBCD2}.Release MD|Win32.ActiveCfg = Release MD|Win32
		{805CBF3F-3DDC-3141-AD7C-3B452FBEBCD2}.Release MD|Win32.Build.0 = Release MD|Win32
		{805CBF3F-3DDC-3141-AD7C-3B452FBEBCD2}.Release MD|x64.ActiveCfg = Release MD|x64
		{805CBF3F-3DDC-3141-AD7C-3B452FBEBCD2}.Release MD|x64.Build.0 = Release MD|x64
		{805CBF3F-3DDC-3141-AD7C-3B452FBEBCD2}.Release MT|Win32.ActiveCfg = Release MT|Win32
		{805CBF3F-3DDC-3141-AD7C-3B452FBEBCD2}.Release MT|Win32.Build.0 = Release MT|Win32
		{805CBF3F-3DDC-3141-AD7C-3B452FBEBCD2}.Release MT|x64.ActiveCfg = Release MT|x64
		{805CBF3F-3DDC-3141-AD7C-3B452FBEBCD2}.Release MT|x64.Build.0 = Release MT|x64
		{A0C9A331-13CC-3762-9D26-9F82C6518CAA}.Debug DLL MDd|Win32.ActiveCfg = Debug DLL MDd|Win32
		{A0C9A331-13CC-3762-9D26-9F82C6518CAA}.Debug DLL MDd|Win32.Build.0 = Debug DLL MDd|Win32
		{A0C9A331-13CC-3762-9D26-9F82C6518CAA}.Debug DLL MDd|x64.ActiveCfg = Debug DLL MDd|x64
		{A0C9A331-13CC-3762-9D26-9F82C6518CAA}.Debug DLL MDd|x64.Build.0 = Debug DLL MDd|x64
		{A0C9A331-13CC-3762-9D26-9F82C6518CAA}.Debug DLL MTd|Win32.ActiveCfg = Debug DLL MTd|Win32
		{A0C9A331-13CC-3762-9D26-9F82C6518CAA}.Debug DLL MTd|Win32.Build.0 = Debug DLL MTd|Win32
		{A0C9A331-13CC-3762-9D26-9F82C6518CAA}.Debug DLL MTd|x64.ActiveCfg = Debug DLL MTd|x64
		{A0C9A331-13CC-3762-9D26-9F82C6518CAA}.Debug DLL MTd|x64.Build.0 = Debug DLL MTd|x64
		{A0C9A331-13CC-3762-9D26-9F82C6518CAA}.Debug Kernel|Win32.ActiveCfg = Debug DLL MDd|Win32
		{A0C9A331-13CC-3762-9D26-9F82C6518CAA}.Debug Kernel|x64.ActiveCfg = Debug DLL MDd|x64
		{A0C9A331-13CC-3762-9D26-9F82C6518CAA}.Debug MDd|Win32.ActiveCfg = Debug MDd|Win32
		{A0C9A331-13CC-3762-9D26-9F82C6518CAA}.Debug MDd|Win32.Build.0 = Debug MDd|Win32
		{A0C9A331-13CC-3762-9D26-9F82C6518CAA}.Debug MDd|x64.ActiveCfg = Debug MDd|x64
		{A0C9A331-13CC-3762-9D26-9F82C6518CAA}.Debug MDd|x64.Build.0 = Debug MDd|x64
		{A0C9A331-13CC-3762-9D26-9F82C6518CAA}.Debug MTd|Win32.ActiveCfg = Debug MTd|Win32
		{A0C9A331-13CC-3762-9D26-9F82C6518CAA}.Debug MTd|Win32.Build.0 = Debug MTd|Win32
		{A0C9A331-13CC-3762-9D26-9F82C6518CAA}.Debug MTd|x64.ActiveCfg = Debug MTd|x64
		{A0C9A331-13CC-3762-9D26-9F82C6518CAA}.Debug MTd|x64.Build.0 = Debug MTd|x64
		{A0C9A331-13CC-3762-9D26-9F82C6518CAA}.Release DLL MD|Win32.ActiveCfg = Release DLL MD|Win32
		{A0C9A331-13CC-3762-9D26-9F82C6518CAA}.Release DLL MD|Win32.Build.0 = Release DLL MD|Win32
		{A0C9A331-13CC-3762-9D26-9F82C6518CAA}.Release DLL MD|x64.ActiveCfg = Release DLL MD|x64
		{A0C9A331-13CC-3762-9D26-9F82C6518CAA}.Release DLL MD|x64.Build.0 = Release DLL MD|x64
		{A0C9A331-13CC-3762-9D26-9F82C6518CAA}.Release DLL MT|Win32.ActiveCfg = Release DLL MT|Win32
		{A0C9A331-13CC-3762-9D26-9F82C6518CAA}.Release DLL MT|Win32.Build.0 = Release DLL MT|Win32
		{A0C9A331-13CC-3762-9D26-9F82C6518CAA}.Release DLL MT|x64.ActiveCfg = Release DLL MT|x64
		{A0C9A331-13CC-3762-9D26-9F82C6518CAA}.Release DLL MT|x64.Build.0 = Release DLL MT|x64
		{A0C9A331-13CC-3762-9D26-9F82C6518CAA}.Release Kernel|Win32.ActiveCfg = Release MD|Win32
		{A0C9A331-13CC-3762-9D26-9F82C6518CAA}.Release Kernel|x64.ActiveCfg = Release MD|x64
		{A0C9A331-13CC-3762-9D26-9F82C6518CAA}.Release MD|Win32.ActiveCfg = Release MD|Win32
		{A0C9A331-13CC-3762-9D26-9F82C6518CAA}.Release MD|Win32.Build.0 = Release MD|Win32
		{A0C9A331-13CC-3762-9D26-9F82C6518CAA}.Release MD|x64.ActiveCfg = Release MD|x64
		{A0C9A331-13CC-3762-9D26-9F82C6518CAA}.Release MD|x64.Build.0 = Release MD|x64
		{A0C9A331-13CC-3762-9D26-9F82C6518CAA}.Release MT|Win32.ActiveCfg = Release MT|Win32
		{A0C9A331-13CC-3762-9D26-9F82C6518CAA}.Release MT|Win32.Build.0 = Release MT|Win32
		{A0C9A331-13CC-3762-9D26-9F82C6518CAA}.Release MT|x64.ActiveCfg = Release MT|x64
		{A0C9A331-13CC-3762-9D26-9F82C6518CAA}.Release MT|x64.Build.0 = Release MT|x64
		{BC04B6A7-D80C-3FED-97AC-BCC8370D6A7E}.Debug DLL MDd|Win32.ActiveCfg = Debug DLL MDd|Win32
		{BC04B6A7-D80C-3FED-97AC-BCC8370D6A7E}.Debug DLL MDd|Win32.Build.0 = Debug DLL MDd|Win32
		{BC04B6A7-D80C-3FED-97AC-BCC8370D6A7E}.Debug DLL MDd|x64.ActiveCfg = Debug DLL MDd|x64
		{BC04B6A7-D80C-3FED-97AC-BCC8370D6A7E}.Debug DLL MDd|x64.Build.0 = Debug DLL MDd|x64
		{BC04B6A7-D80C-3FED-97AC-BCC8370D6A7E}.Debug DLL MTd|Win32.ActiveCfg = Debug DLL MTd|Win32
		{BC04B6A7-D80C-3FED-97AC-BCC8370D6A7E}.Debug DLL MTd|Win32.Build.0 = Debug DLL MTd|Win32
		{BC04B6A7-D80C-3FED-97AC-BCC8370D6A7E}.Debug DLL MTd|x64.ActiveCfg = Debug DLL MTd|x64
		{BC04B6A7-D80C-3FED-97AC-BCC8370D6A7E}.Debug Kernel|Win32.ActiveCfg = Debug DLL MDd|Win32
		{BC04B6A7-D80C-3FED-97AC-BCC8370D6A7E}.Debug Kernel|x64.ActiveCfg = Debug DLL MDd|x64
		{BC04B6A7-D80C-3FED-97AC-BCC8370D6A7E}.Debug MDd|Win32.ActiveCfg = Debug MDd|Win32
		{BC04B6A7-D80C-3FED-97AC-BCC8370D6A7E}.Debug MDd|Win32.Build.0 = Debug MDd|Win32
		{BC04B6A7-D80C-3FED-97AC-BCC8370D6A7E}.Debug MDd|x64.ActiveCfg = Debug MDd|x64
		{BC04B6A7-D80C-3FED-97AC-BCC8370D6A7E}.Debug MDd|x64.Build.0 = Debug MDd|x64
		{BC04B6A7-D80C-3FED-97AC-BCC8370D6A7E}.Debug MTd|Win32.ActiveCfg = Debug MTd|Win32
		{BC04B6A7-D80C-3FED-97AC-BCC8370D6A7E}.Debug MTd|Win32.Build.0 = Debug MTd|Win32
		{BC04B6A7-D80C-3FED-97AC-BCC8370D6A7E}.Debug MTd|x64.ActiveCfg = Debug MTd|x64
		{BC04B6A7-D80C-3FED-97AC-BCC8370D6A7E}.Debug MTd|x64.Build.0 = Debug MTd|x64
		{BC04B6A7-D80C-3FED-97AC-BCC8370D6A7E}.Release DLL MD|Win32.ActiveCfg = Release DLL MD|Win32
		{BC04B6A7-D80C-3FED-97AC-BCC8370D6A7E}.Release DLL MD|Win32.Build.0 = Release DLL MD|Win32
		{BC04B6A7-D80C-3FED-97AC-BCC8370D6A7E}.Release DLL MD|x64.ActiveCfg = Release DLL MD|x64
		{BC04B6A7-D80C-3FED-97AC-BCC8370D6A7E}.Release DLL MD|x64.Build.0 = Release DLL MD|x64
		{BC04B6A7-D80C-3FED-97AC-BCC8370D6A7E}.Release DLL MT|Win32.ActiveCfg = Release DLL MT|Win32
		{BC04B6A7-D80C-3FED-97AC-BCC8370D6A7E}.Release DLL MT|Win32.Build.0 = Release DLL MT|Win32
		{BC04B6A7-D80C-3FED-97AC-BCC8370D6A7E}.Release DLL MT|x64.ActiveCfg = Release DLL MT|x64
		{BC04B6A7-D80C-3FED-97AC-BCC8370D6A7E}.Release Kernel|Win32.ActiveCfg = Release DLL MD|Win32
		{BC04B6A7-D80C-3FED-97AC-BCC8370D6A7E}.Release Kernel|x64.ActiveCfg = Release DLL MD|x64
		{BC04B6A7-D80C-3FED-97AC-BCC8370D6A7E}.Release MD|Win32.ActiveCfg = Release MD|Win32
		{BC04B6A7-D80C-3FED-97AC-BCC8370D6A7E}.Release MD|Win32.Build.0 = Release MD|Win32
		{BC04B6A7-D80C-3FED-97AC-BCC8370D6A7E}.Release MD|x64.ActiveCfg = Release MD|x64
		{BC04B6A7-D80C-3FED-97AC-BCC8370D6A7E}.Release MD|x64.Build.0 = Release MD|x64
		{BC04B6A7-D80C-3FED-97AC-BCC8370D6A7E}.Release MT|Win32.ActiveCfg = Release MT|Win32
		{BC04B6A7-D80C-3FED-97AC-BCC8370D6A7E}.Release MT|Win32.Build.0 = Release MT|Win32
		{BC04B6A7-D80C-3FED-97AC-BCC8370D6A7E}.Release MT|x64.ActiveCfg = Release MT|x64
		{BC04B6A7-D80C-3FED-97AC-BCC8370D6A7E}.Release MT|x64.Build.0 = Release MT|x64
		{88A23124-5640-35A0-B890-311D7A67A7D2}.Debug DLL MDd|Win32.ActiveCfg = Debug DLL MDd|Win32
		{88A23124-5640-35A0-B890-311D7A67A7D2}.Debug DLL MDd|Win32.Build.0 = Debug DLL MDd|Win32
		{88A23124-5640-35A0-B890-311D7A67A7D2}.Debug DLL MDd|x64.ActiveCfg = Debug DLL MDd|x64
		{88A23124-5640-35A0-B890-311D7A67A7D2}.Debug DLL MDd|x64.Build.0 = Debug DLL MDd|x64
		{88A23124-5640-35A0-B890-311D7A67A7D2}.Debug DLL MTd|Win32.ActiveCfg = Debug DLL MTd|Win32
		{88A23124-5640-35A0-B890-311D7A67A7D2}.Debug DLL MTd|Win32.Build.0 = Debug DLL MTd|Win32
		{88A23124-5640-35A0-B890-311D7A67A7D2}.Debug DLL MTd|x64.ActiveCfg = Debug DLL MTd|x64
		{88A23124-5640-35A0-B890-311D7A67A7D2}.Debug DLL MTd|x64.Build.0 = Debug DLL MTd|x64
		{88A23124-5640-35A0-B890-311D7A67A7D2}.Debug Kernel|Win32.ActiveCfg = Debug Kernel|Win32
		{88A23124-5640-35A0-B890-311D7A67A7D2}.Debug Kernel|Win32.Build.0 = Debug Kernel|Win32
		{88A23124-5640-35A0-B890-311D7A67A7D2}.Debug Kernel|x64.ActiveCfg = Debug Kernel|x64
		{88A23124-5640-35A0-B890-311D7A67A7D2}.Debug Kernel|x64.Build.0 = Debug Kernel|x64
		{88A23124-5640-35A0-B890-311D7A67A7D2}.Debug MDd|Win32.ActiveCfg = Debug MDd|Win32
		{88A23124-5640-35A0-B890-311D7A67A7D2}.Debug MDd|Win32.Build.0 = Debug MDd|Win32
		{88A23124-5640-35A0-B890-311D7A67A7D2}.Debug MDd|x64.ActiveCfg = Debug MDd|x64
		{88A23124-5640-35A0-B890-311D7A67A7D2}.Debug MDd|x64.Build.0 = Debug MDd|x64
		{88A23124-5640-35A0-B890-311D7A67A7D2}.Debug MTd|Win32.ActiveCfg = Debug MTd|Win32
		{88A23124-5640-35A0-B890-311D7A67A7D2}.Debug MTd|Win32.Build.0 = Debug MTd|Win32
		{88A23124-5640-35A0-B890-311D7A67A7D2}.Debug MTd|x64.ActiveCfg = Debug MTd|x64
		{88A23124-5640-35A0-B890-311D7A67A7D2}.Debug MTd|x64.Build.0 = Debug MTd|x64
		{88A23124-5640-35A0-B890-311D7A67A7D2}.Release DLL MD|Win32.ActiveCfg = Release DLL MD|Win32
		{88A23124-5640-35A0-B890-311D7A67A7D2}.Release DLL MD|Win32.Build.0 = Release DLL MD|Win32
		{88A23124-5640-35A0-B890-311D7A67A7D2}.Release DLL MD|x64.ActiveCfg = Release DLL MD|x64
		{88A23124-5640-35A0-B890-311D7A67A7D2}.Release DLL MD|x64.Build.0 = Release DLL MD|x64
		{88A23124-5640-35A0-B890-311D7A67A7D2}.Release DLL MT|Win32.ActiveCfg = Release DLL MT|Win32
		{88A23124-5640-35A0-B890-311D7A67A7D2}.Release DLL MT|Win32.Build.0 = Release DLL MT|Win32
		{88A23124-5640-35A0-B890-311D7A67A7D2}.Release DLL MT|x64.ActiveCfg = Release DLL MT|x64
		{88A23124-5640-35A0-B890-311D7A67A7D2}.Release DLL MT|x64.Build.0 = Release DLL MT|x64
		{88A23124-5640-35A0-B890-311D7A67A7D2}.Release Kernel|Win32.ActiveCfg = Release Kernel|Win32
		{88A23124-5640-35A0-B890-311D7A67A7D2}.Release Kernel|Win32.Build.0 = Release Kernel|Win32
		{88A23124-5640-35A0-B890-311D7A67A7D2}.Release Kernel|x64.ActiveCfg = Release Kernel|x64
		{88A23124-5640-35A0-B890-311D7A67A7D2}.Release Kernel|x64.Build.0 = Release Kernel|x64
		{88A23124-5640-35A0-B890-311D7A67A7D2}.Release MD|Win32.ActiveCfg = Release MD|Win32
		{88A23124-5640-35A0-B890-311D7A67A7D2}.Release MD|Win32.Build.0 = Release MD|Win32
		{88A23124-5640-35A0-B890-311D7A67A7D2}.Release MD|x64.ActiveCfg = Release MD|x64
		{88A23124-5640-35A0-B890-311D7A67A7D2}.Release MD|x64.Build.0 = Release MD|x64
		{88A23124-5640-35A0-B890-311D7A67A7D2}.Release MT|Win32.ActiveCfg = Release MT|Win32
		{88A23124-5640-35A0-B890-311D7A67A7D2}.Release MT|Win32.Build.0 = Release MT|Win32
		{88A23124-5640-35A0-B890-311D7A67A7D2}.Release MT|x64.ActiveCfg = Release MT|x64
		{88A23124-5640-35A0-B890-311D7A67A7D2}.Release MT|x64.Build.0 = Release MT|x64
		{45BD58A5-1711-417F-99E7-B640C56F8009}.Debug DLL MDd|Win32.ActiveCfg = Debug|Win32
		{45BD58A5-1711-417F-99E7-B640C56F8009}.Debug DLL MDd|x64.ActiveCfg = Debug|x64
		{45BD58A5-1711-417F-99E7-B640C56F8009}.Debug DLL MTd|Win32.ActiveCfg = Debug|Win32
		{45BD58A5-1711-417F-99E7-B640C56F8009}.Debug DLL MTd|Win32.Build.0 = Debug|Win32
		{45BD58A5-1711-417F-99E7-B640C56F8009}.Debug DLL MTd|Win32.Deploy.0 = Debug|Win32
		{45BD58A5-1711-417F-99E7-B640C56F8009}.Debug DLL MTd|x64.ActiveCfg = Debug|x64
		{45BD58A5-1711-417F-99E7-B640C56F8009}.Debug Kernel|Win32.ActiveCfg = Debug|Win32
		{45BD58A5-1711-417F-99E7-B640C56F8009}.Debug Kernel|Win32.Build.0 = Debug|Win32
		{45BD58A5-1711-417F-99E7-B640C56F8009}.Debug Kernel|x64.ActiveCfg = Debug|x64
		{45BD58A5-1711-417F-99E7-B640C56F8009}.Debug Kernel|x64.Build.0 = Debug|x64
		{45BD58A5-1711-417F-99E7-B640C56F8009}.Debug MDd|Win32.ActiveCfg = Debug|Win32
		{45BD58A5-1711-417F-99E7-B640C56F8009}.Debug MDd|x64.ActiveCfg = Debug|x64
		{45BD58A5-1711-417F-99E7-B640C56F8009}.Debug MTd|Win32.ActiveCfg = Debug|Win32
		{45BD58A5-1711-417F-99E7-B640C56F8009}.Debug MTd|Win32.Build.0 = Debug|Win32
		{45BD58A5-1711-417F-99E7-B640C56F8009}.Debug MTd|Win32.Deploy.0 = Debug|Win32
		{45BD58A5-1711-417F-99E7-B640C56F8009}.Debug MTd|x64.ActiveCfg = Debug|x64
		{45BD58A5-1711-417F-99E7-B640C56F8009}.Release DLL MD|Win32.ActiveCfg = Release|Win32
		{45BD58A5-1711-417F-99E7-B640C56F8009}.Release DLL MD|x64.ActiveCfg = Release|x64
		{45BD58A5-1711-417F-99E7-B640C56F8009}.Release DLL MT|Win32.ActiveCfg = Release|Win32
		{45BD58A5-1711-417F-99E7-B640C56F8009}.Release DLL MT|Win32.Build.0 = Release|Win32
		{45BD58A5-1711-417F-99E7-B640C56F8009}.Release DLL MT|Win32.Deploy.0 = Release|Win32
		{45BD58A5-1711-417F-99E7-B640C56F8009}.Release DLL MT|x64.ActiveCfg = Release|x64
		{45BD58A5-1711-417F-99E7-B640C56F8009}.Release DLL MT|x64.Deploy.0 = Release|x64
		{45BD58A5-1711-417F-99E7-B640C56F8009}.Release Kernel|Win32.ActiveCfg = Release|Win32
		{45BD58A5-1711-417F-99E7-B640C56F8009}.Release Kernel|Win32.Build.0 = Release|Win32
		{45BD58A5-1711-417F-99E7-B640C56F8009}.Release Kernel|x64.ActiveCfg = Release|x64
		{45BD58A5-1711-417F-99E7-B640C56F8009}.Release Kernel|x64.Build.0 = Release|x64
		{45BD58A5-1711-417F-99E7-B640C56F8009}.Release MD|Win32.ActiveCfg = Release|Win32
		{45BD58A5-1711-417F-99E7-B640C56F8009}.Release MD|x64.ActiveCfg = Release|x64
		{45BD58A5-1711-417F-99E7-B640C56F8009}.Release MT|Win32.ActiveCfg = Release|Win32
		{45BD58A5-1711-417F-99E7-B640C56F8009}.Release MT|Win32.Build.0 = Release|Win32
		{45BD58A5-1711-417F-99E7-B640C56F8009}.Release MT|Win32.Deploy.0 = Release|Win32
		{45BD58A5-1711-417F-99E7-B640C56F8009}.Release MT|x64.ActiveCfg = Release|x64
		{E06E2E87-82B9-4DC2-A1E9-FE371CDBAAC2}.Debug DLL MDd|Win32.ActiveCfg = Debug DLL MDd|Win32
		{E06E2E87-82B9-4DC2-A1E9-FE371CDBAAC2}.Debug DLL MDd|Win32.Build.0 = Debug DLL MDd|Win32
		{E06E2E87-82B9-4DC2-A1E9-FE371CDBAAC2}.Debug DLL MDd|x64.ActiveCfg = Debug DLL MDd|x64
		{E06E2E87-82B9-4DC2-A1E9-FE371CDBAAC2}.Debug DLL MDd|x64.Build.0 = Debug DLL MDd|x64
		{E06E2E87-82B9-4DC2-A1E9-FE371CDBAAC2}.Debug DLL MTd|Win32.ActiveCfg = Debug DLL MTd|Win32
		{E06E2E87-82B9-4DC2-A1E9-FE371CDBAAC2}.Debug DLL MTd|Win32.Build.0 = Debug DLL MTd|Win32
		{E06E2E87-82B9-4DC2-A1E9-FE371CDBAAC2}.Debug DLL MTd|x64.ActiveCfg = Debug DLL MTd|x64
		{E06E2E87-82B9-4DC2-A1E9-FE371CDBAAC2}.Debug DLL MTd|x64.Build.0 = Debug DLL MTd|x64
		{E06E2E87-82B9-4DC2-A1E9-FE371CDBAAC2}.Debug Kernel|Win32.ActiveCfg = Debug Kernel|Win32
		{E06E2E87-82B9-4DC2-A1E9-FE371CDBAAC2}.Debug Kernel|x64.ActiveCfg = Debug Kernel|x64
		{E06E2E87-82B9-4DC2-A1E9-FE371CDBAAC2}.Debug MDd|Win32.ActiveCfg = Debug MDd|Win32
		{E06E2E87-82B9-4DC2-A1E9-FE371CDBAAC2}.Debug MDd|Win32.Build.0 = Debug MDd|Win32
		{E06E2E87-82B9-4DC2-A1E9-FE371CDBAAC2}.Debug MDd|x64.ActiveCfg = Debug MDd|x64
		{E06E2E87-82B9-4DC2-A1E9-FE371CDBAAC2}.Debug MDd|x64.Build.0 = Debug MDd|x64
		{E06E2E87-82B9-4DC2-A1E9-FE371CDBAAC2}.Debug MTd|Win32.ActiveCfg = Debug MTd|Win32
		{E06E2E87-82B9-4DC2-A1E9-FE371CDBAAC2}.Debug MTd|Win32.Build.0 = Debug MTd|Win32
		{E06E2E87-82B9-4DC2-A1E9-FE371CDBAAC2}.Debug MTd|x64.ActiveCfg = Debug MTd|x64
		{E06E2E87-82B9-4DC2-A1E9-FE371CDBAAC2}.Debug MTd|x64.Build.0 = Debug MTd|x64
		{E06E2E87-82B9-4DC2-A1E9-FE371CDBAAC2}.Release DLL MD|Win32.ActiveCfg = Release DLL MD|Win32
		{E06E2E87-82B9-4DC2-A1E9-FE371CDBAAC2}.Release DLL MD|Win32.Build.0 = Release DLL MD|Win32
		{E06E2E87-82B9-4DC2-A1E9-FE371CDBAAC2}.Release DLL MD|x64.ActiveCfg = Release DLL MD|x64
		{E06E2E87-82B9-4DC2-A1E9-FE371CDBAAC2}.Release DLL MD|x64.Build.0 = Release DLL MD|x64
		{E06E2E87-82B9-4DC2-A1E9-FE371CDBAAC2}.Release DLL MT|Win32.ActiveCfg = Release DLL MT|Win32
		{E06E2E87-82B9-4DC2-A1E9-FE371CDBAAC2}.Release DLL MT|Win32.Build.0 = Release DLL MT|Win32
		{E06E2E87-82B9-4DC2-A1E9-FE371CDBAAC2}.Release DLL MT|x64.ActiveCfg = Release DLL MT|x64
		{E06E2E87-82B9-4DC2-A1E9-FE371CDBAAC2}.Release DLL MT|x64.Build.0 = Release DLL MT|x64
		{E06E2E87-82B9-4DC2-A1E9-FE371CDBAAC2}.Release Kernel|Win32.ActiveCfg = Release Kernel|Win32
		{E06E2E87-82B9-4DC2-A1E9-FE371CDBAAC2}.Release Kernel|x64.ActiveCfg = Release Kernel|x64
		{E06E2E87-82B9-4DC2-A1E9-FE371CDBAAC2}.Release MD|Win32.ActiveCfg = Release MD|Win32
		{E06E2E87-82B9-4DC2-A1E9-FE371CDBAAC2}.Release MD|Win32.Build.0 = Release MD|Win32
		{E06E2E87-82B9-4DC2-A1E9-FE371CDBAAC2}.Release MD|x64.ActiveCfg = Release MD|x64
		{E06E2E87-82B9-4DC2-A1E9-FE371CDBAAC2}.Release MD|x64.Build.0 = Release MD|x64
		{E06E2E87-82B9-4DC2-A1E9-FE371CDBAAC2}.Release MT|Win32.ActiveCfg = Release MT|Win32
		{E06E2E87-82B9-4DC2-A1E9-FE371CDBAAC2}.Release MT|Win32.Build.0 = Release MT|Win32
		{E06E2E87-82B9-4DC2-A1E9-FE371CDBAAC2}.Release MT|x64.ActiveCfg = Release MT|x64
		{E06E2E87-82B9-4DC2-A1E9-FE371CDBAAC2}.Release MT|x64.Build.0 = Release MT|x64
	EndGlobalSection
	GlobalSection(SolutionProperties) = preSolution
		HideSolutionNode = FALSE
	EndGlobalSection
	GlobalSection(NestedProjects) = preSolution
		{B715A378-C8B9-4DC1-A57B-8BC4C47CED28} = {4F5048C7-CB90-437E-AB21-32258F9650B6}
		{FD558EDB-A3E1-4FB5-A40A-4BE19346B24F} = {4F5048C7-CB90-437E-AB21-32258F9650B6}
		{A67C94F3-60F8-4AAF-9309-F86F73F8529C} = {4F5048C7-CB90-437E-AB21-32258F9650B6}
		{91EF3E98-CD57-3870-A399-A0D98D193F80} = {4F5048C7-CB90-437E-AB21-32258F9650B6}
		{805CBF3F-3DDC-3141-AD7C-3B452FBEBCD2} = {292A9E1E-C557-4570-ABE1-8EEC0E1B79C4}
		{A0C9A331-13CC-3762-9D26-9F82C6518CAA} = {292A9E1E-C557-4570-ABE1-8EEC0E1B79C4}
		{BC04B6A7-D80C-3FED-97AC-BCC8370D6A7E} = {292A9E1E-C557-4570-ABE1-8EEC0E1B79C4}
		{45BD58A5-1711-417F-99E7-B640C56F8009} = {4F5048C7-CB90-437E-AB21-32258F9650B6}
	EndGlobalSection
	GlobalSection(ExtensibilityGlobals) = postSolution
		SolutionGuid = {F578E55A-EB10-4D4A-9F4E-C74DCB58DE73}
	EndGlobalSection
EndGlobal
